
Microsoft Visual Studio Solution File, Format Version 12.00
Project("{FAE04EC0-301F-11D3-BF4B-00C04F79EFBC}") = "english-trainer-back", "english-trainer-back\english-trainer-back.csproj", "{E7CCCDF1-08D6-489A-AE34-14F695B89A9D}"
EndProject
Project("{FAE04EC0-301F-11D3-BF4B-00C04F79EFBC}") = "english-trainer-dal", "english-trainer-dal\english-trainer-dal.csproj", "{28CBFC35-A1E5-495C-980D-D27138CF28C6}"
EndProject
Project("{FAE04EC0-301F-11D3-BF4B-00C04F79EFBC}") = "english-trainer-tests", "english-trainer-tests\english-trainer-tests.csproj", "{2A78179A-1D7E-481C-854C-BEC58AF390EE}"
EndProject
Project("{FAE04EC0-301F-11D3-BF4B-00C04F79EFBC}") = "ConsoleApp1", "ConsoleApp1\ConsoleApp1.csproj", "{E59E9C30-174A-4899-A502-4BA0016668EC}"
EndProject
Global
	GlobalSection(SolutionConfigurationPlatforms) = preSolution
		Debug|Any CPU = Debug|Any CPU
		Release|Any CPU = Release|Any CPU
	EndGlobalSection
	GlobalSection(ProjectConfigurationPlatforms) = postSolution
		{E7CCCDF1-08D6-489A-AE34-14F695B89A9D}.Debug|Any CPU.ActiveCfg = Debug|Any CPU
		{E7CCCDF1-08D6-489A-AE34-14F695B89A9D}.Debug|Any CPU.Build.0 = Debug|Any CPU
		{E7CCCDF1-08D6-489A-AE34-14F695B89A9D}.Release|Any CPU.ActiveCfg = Release|Any CPU
		{E7CCCDF1-08D6-489A-AE34-14F695B89A9D}.Release|Any CPU.Build.0 = Release|Any CPU
		{28CBFC35-A1E5-495C-980D-D27138CF28C6}.Debug|Any CPU.ActiveCfg = Debug|Any CPU
		{28CBFC35-A1E5-495C-980D-D27138CF28C6}.Debug|Any CPU.Build.0 = Debug|Any CPU
		{28CBFC35-A1E5-495C-980D-D27138CF28C6}.Release|Any CPU.ActiveCfg = Release|Any CPU
		{28CBFC35-A1E5-495C-980D-D27138CF28C6}.Release|Any CPU.Build.0 = Release|Any CPU
		{2A78179A-1D7E-481C-854C-BEC58AF390EE}.Debug|Any CPU.ActiveCfg = Debug|Any CPU
		{2A78179A-1D7E-481C-854C-BEC58AF390EE}.Debug|Any CPU.Build.0 = Debug|Any CPU
		{2A78179A-1D7E-481C-854C-BEC58AF390EE}.Release|Any CPU.ActiveCfg = Release|Any CPU
		{2A78179A-1D7E-481C-854C-BEC58AF390EE}.Release|Any CPU.Build.0 = Release|Any CPU
		{E59E9C30-174A-4899-A502-4BA0016668EC}.Debug|Any CPU.ActiveCfg = Debug|Any CPU
		{E59E9C30-174A-4899-A502-4BA0016668EC}.Debug|Any CPU.Build.0 = Debug|Any CPU
		{E59E9C30-174A-4899-A502-4BA0016668EC}.Release|Any CPU.ActiveCfg = Release|Any CPU
		{E59E9C30-174A-4899-A502-4BA0016668EC}.Release|Any CPU.Build.0 = Release|Any CPU
	EndGlobalSection
EndGlobal
